
Microsoft Visual Studio Solution File, Format Version 11.00
# Visual Studio 2010
Project("{FAE04EC0-301F-11D3-BF4B-00C04F79EFBC}") = "Assembly-CSharp", "Assembly-CSharp.csproj", "{643401F0-197C-63F6-EC97-035755FBF808}"
EndProject
Project("{FAE04EC0-301F-11D3-BF4B-00C04F79EFBC}") = "Assembly-CSharp-firstpass", "Assembly-CSharp-firstpass.csproj", "{9C775F29-1F62-7DCE-B975-4A5013523DF0}"
EndProject
Project("{FAE04EC0-301F-11D3-BF4B-00C04F79EFBC}") = "Assembly-CSharp-Editor", "Assembly-CSharp-Editor.csproj", "{080F08DA-26D8-2EDB-6632-CC046EB96841}"
EndProject
Global
	GlobalSection(SolutionConfigurationPlatforms) = preSolution
		Debug|Any CPU = Debug|Any CPU
		Release|Any CPU = Release|Any CPU
	EndGlobalSection
	GlobalSection(ProjectConfigurationPlatforms) = postSolution
		{643401F0-197C-63F6-EC97-035755FBF808}.Debug|Any CPU.ActiveCfg = Debug|Any CPU
		{643401F0-197C-63F6-EC97-035755FBF808}.Debug|Any CPU.Build.0 = Debug|Any CPU
		{643401F0-197C-63F6-EC97-035755FBF808}.Release|Any CPU.ActiveCfg = Release|Any CPU
		{643401F0-197C-63F6-EC97-035755FBF808}.Release|Any CPU.Build.0 = Release|Any CPU
		{9C775F29-1F62-7DCE-B975-4A5013523DF0}.Debug|Any CPU.ActiveCfg = Debug|Any CPU
		{9C775F29-1F62-7DCE-B975-4A5013523DF0}.Debug|Any CPU.Build.0 = Debug|Any CPU
		{9C775F29-1F62-7DCE-B975-4A5013523DF0}.Release|Any CPU.ActiveCfg = Release|Any CPU
		{9C775F29-1F62-7DCE-B975-4A5013523DF0}.Release|Any CPU.Build.0 = Release|Any CPU
		{080F08DA-26D8-2EDB-6632-CC046EB96841}.Debug|Any CPU.ActiveCfg = Debug|Any CPU
		{080F08DA-26D8-2EDB-6632-CC046EB96841}.Debug|Any CPU.Build.0 = Debug|Any CPU
		{080F08DA-26D8-2EDB-6632-CC046EB96841}.Release|Any CPU.ActiveCfg = Release|Any CPU
		{080F08DA-26D8-2EDB-6632-CC046EB96841}.Release|Any CPU.Build.0 = Release|Any CPU
	EndGlobalSection
	GlobalSection(SolutionProperties) = preSolution
		HideSolutionNode = FALSE
	EndGlobalSection
	GlobalSection(MonoDevelopProperties) = preSolution
		StartupItem = Assembly-CSharp.csproj
	EndGlobalSection
EndGlobal
